Microsoft Visual Studio Solution File, Format Version 12.00
# Visual Studio Version 16
VisualStudioVersion = 16.0.28917.181
MinimumVisualStudioVersion = 10.0.40219.1
Project("{9A19103F-16F7-4668-BE54-9A1E7A4F7556}") = "ModernHttpClient", "ModernHttpClient\ModernHttpClient.csproj", "{CA3305D6-72F6-4B65-ABF1-226DB252BA3D}"
EndProject
Project("{FAE04EC0-301F-11D3-BF4B-00C04F79EFBC}") = "ModernHttpClient.Portable", "ModernHttpClient.Portable\ModernHttpClient.Portable.csproj", "{4344BD8A-1D74-4A03-B294-07FFE53BDAD1}"
EndProject
Project("{FAE04EC0-301F-11D3-BF4B-00C04F79EFBC}") = "ModernHttpClient.iOS", "ModernHttpClient.iOS\ModernHttpClient.iOS.csproj", "{1D3EBCC3-60E2-4740-9EFF-5049F4F75F2A}"
EndProject
Project("{FAE04EC0-301F-11D3-BF4B-00C04F79EFBC}") = "ModernHttpClient.Android", "ModernHttpClient.Android\ModernHttpClient.Android.csproj", "{02CCB9FA-0F8B-41A7-B18D-E33629B00267}"
EndProject
Project("{9A19103F-16F7-4668-BE54-9A1E7A4F7556}") = "Demo", "Demo\Demo.csproj", "{27C67A68-38BE-4CC4-8CBC-CF4ED0D7210C}"
EndProject
Project("{FAE04EC0-301F-11D3-BF4B-00C04F79EFBC}") = "Demo.iOS", "Demo.iOS\Demo.iOS.csproj", "{A3CE9712-0C05-4955-9C88-72F3EA905F95}"
EndProject
Project("{FAE04EC0-301F-11D3-BF4B-00C04F79EFBC}") = "Demo.Droid", "Demo.Droid\Demo.Droid.csproj", "{D22BC582-B289-4541-9C0E-530642FE1883}"
EndProject
Project("{FAE04EC0-301F-11D3-BF4B-00C04F79EFBC}") = "ModernHttpClient.UWP", "ModernHttpClient.UWP\ModernHttpClient.UWP.csproj", "{22ABF70F-75AA-474E-9A26-94D37203E04D}"
EndProject
Project("{FAE04EC0-301F-11D3-BF4B-00C04F79EFBC}") = "Demo.UWP", "Demo.UWP\Demo.UWP.csproj", "{8CA8F560-6E03-4ECB-BB6B-3A410CF0B852}"
EndProject
Global
	GlobalSection(SolutionConfigurationPlatforms) = preSolution
		Debug|Any CPU = Debug|Any CPU
		Debug|ARM = Debug|ARM
		Debug|ARM64 = Debug|ARM64
		Debug|iPhone = Debug|iPhone
		Debug|iPhoneSimulator = Debug|iPhoneSimulator
		Debug|x64 = Debug|x64
		Debug|x86 = Debug|x86
		Release|Any CPU = Release|Any CPU
		Release|ARM = Release|ARM
		Release|ARM64 = Release|ARM64
		Release|iPhone = Release|iPhone
		Release|iPhoneSimulator = Release|iPhoneSimulator
		Release|x64 = Release|x64
		Release|x86 = Release|x86
	EndGlobalSection
	GlobalSection(ProjectConfigurationPlatforms) = postSolution
		{CA3305D6-72F6-4B65-ABF1-226DB252BA3D}.Debug|Any CPU.ActiveCfg = Debug|Any CPU
		{CA3305D6-72F6-4B65-ABF1-226DB252BA3D}.Debug|Any CPU.Build.0 = Debug|Any CPU
		{CA3305D6-72F6-4B65-ABF1-226DB252BA3D}.Debug|ARM.ActiveCfg = Debug|Any CPU
		{CA3305D6-72F6-4B65-ABF1-226DB252BA3D}.Debug|ARM.Build.0 = Debug|Any CPU
		{CA3305D6-72F6-4B65-ABF1-226DB252BA3D}.Debug|ARM64.ActiveCfg = Debug|Any CPU
		{CA3305D6-72F6-4B65-ABF1-226DB252BA3D}.Debug|ARM64.Build.0 = Debug|Any CPU
		{CA3305D6-72F6-4B65-ABF1-226DB252BA3D}.Debug|iPhone.ActiveCfg = Debug|Any CPU
		{CA3305D6-72F6-4B65-ABF1-226DB252BA3D}.Debug|iPhone.Build.0 = Debug|Any CPU
		{CA3305D6-72F6-4B65-ABF1-226DB252BA3D}.Debug|iPhoneSimulator.ActiveCfg = Debug|Any CPU
		{CA3305D6-72F6-4B65-ABF1-226DB252BA3D}.Debug|iPhoneSimulator.Build.0 = Debug|Any CPU
		{CA3305D6-72F6-4B65-ABF1-226DB252BA3D}.Debug|x64.ActiveCfg = Debug|Any CPU
		{CA3305D6-72F6-4B65-ABF1-226DB252BA3D}.Debug|x64.Build.0 = Debug|Any CPU
		{CA3305D6-72F6-4B65-ABF1-226DB252BA3D}.Debug|x86.ActiveCfg = Debug|Any CPU
		{CA3305D6-72F6-4B65-ABF1-226DB252BA3D}.Debug|x86.Build.0 = Debug|Any CPU
		{CA3305D6-72F6-4B65-ABF1-226DB252BA3D}.Release|Any CPU.ActiveCfg = Release|Any CPU
		{CA3305D6-72F6-4B65-ABF1-226DB252BA3D}.Release|Any CPU.Build.0 = Release|Any CPU
		{CA3305D6-72F6-4B65-ABF1-226DB252BA3D}.Release|ARM.ActiveCfg = Release|Any CPU
		{CA3305D6-72F6-4B65-ABF1-226DB252BA3D}.Release|ARM.Build.0 = Release|Any CPU
		{CA3305D6-72F6-4B65-ABF1-226DB252BA3D}.Release|ARM64.ActiveCfg = Release|Any CPU
		{CA3305D6-72F6-4B65-ABF1-226DB252BA3D}.Release|ARM64.Build.0 = Release|Any CPU
		{CA3305D6-72F6-4B65-ABF1-226DB252BA3D}.Release|iPhone.ActiveCfg = Release|Any CPU
		{CA3305D6-72F6-4B65-ABF1-226DB252BA3D}.Release|iPhone.Build.0 = Release|Any CPU
		{CA3305D6-72F6-4B65-ABF1-226DB252BA3D}.Release|iPhoneSimulator.ActiveCfg = Release|Any CPU
		{CA3305D6-72F6-4B65-ABF1-226DB252BA3D}.Release|iPhoneSimulator.Build.0 = Release|Any CPU
		{CA3305D6-72F6-4B65-ABF1-226DB252BA3D}.Release|x64.ActiveCfg = Release|Any CPU
		{CA3305D6-72F6-4B65-ABF1-226DB252BA3D}.Release|x64.Build.0 = Release|Any CPU
		{CA3305D6-72F6-4B65-ABF1-226DB252BA3D}.Release|x86.ActiveCfg = Release|Any CPU
		{CA3305D6-72F6-4B65-ABF1-226DB252BA3D}.Release|x86.Build.0 = Release|Any CPU
		{4344BD8A-1D74-4A03-B294-07FFE53BDAD1}.Debug|Any CPU.ActiveCfg = Debug|Any CPU
		{4344BD8A-1D74-4A03-B294-07FFE53BDAD1}.Debug|Any CPU.Build.0 = Debug|Any CPU
		{4344BD8A-1D74-4A03-B294-07FFE53BDAD1}.Debug|ARM.ActiveCfg = Debug|Any CPU
		{4344BD8A-1D74-4A03-B294-07FFE53BDAD1}.Debug|ARM.Build.0 = Debug|Any CPU
		{4344BD8A-1D74-4A03-B294-07FFE53BDAD1}.Debug|ARM64.ActiveCfg = Debug|Any CPU
		{4344BD8A-1D74-4A03-B294-07FFE53BDAD1}.Debug|ARM64.Build.0 = Debug|Any CPU
		{4344BD8A-1D74-4A03-B294-07FFE53BDAD1}.Debug|iPhone.ActiveCfg = Debug|Any CPU
		{4344BD8A-1D74-4A03-B294-07FFE53BDAD1}.Debug|iPhone.Build.0 = Debug|Any CPU
		{4344BD8A-1D74-4A03-B294-07FFE53BDAD1}.Debug|iPhoneSimulator.ActiveCfg = Debug|Any CPU
		{4344BD8A-1D74-4A03-B294-07FFE53BDAD1}.Debug|iPhoneSimulator.Build.0 = Debug|Any CPU
		{4344BD8A-1D74-4A03-B294-07FFE53BDAD1}.Debug|x64.ActiveCfg = Debug|Any CPU
		{4344BD8A-1D74-4A03-B294-07FFE53BDAD1}.Debug|x64.Build.0 = Debug|Any CPU
		{4344BD8A-1D74-4A03-B294-07FFE53BDAD1}.Debug|x86.ActiveCfg = Debug|Any CPU
		{4344BD8A-1D74-4A03-B294-07FFE53BDAD1}.Debug|x86.Build.0 = Debug|Any CPU
		{4344BD8A-1D74-4A03-B294-07FFE53BDAD1}.Release|Any CPU.ActiveCfg = Release|Any CPU
		{4344BD8A-1D74-4A03-B294-07FFE53BDAD1}.Release|Any CPU.Build.0 = Release|Any CPU
		{4344BD8A-1D74-4A03-B294-07FFE53BDAD1}.Release|ARM.ActiveCfg = Release|Any CPU
		{4344BD8A-1D74-4A03-B294-07FFE53BDAD1}.Release|ARM.Build.0 = Release|Any CPU
		{4344BD8A-1D74-4A03-B294-07FFE53BDAD1}.Release|ARM64.ActiveCfg = Release|Any CPU
		{4344BD8A-1D74-4A03-B294-07FFE53BDAD1}.Release|ARM64.Build.0 = Release|Any CPU
		{4344BD8A-1D74-4A03-B294-07FFE53BDAD1}.Release|iPhone.ActiveCfg = Release|Any CPU
		{4344BD8A-1D74-4A03-B294-07FFE53BDAD1}.Release|iPhone.Build.0 = Release|Any CPU
		{4344BD8A-1D74-4A03-B294-07FFE53BDAD1}.Release|iPhoneSimulator.ActiveCfg = Release|Any CPU
		{4344BD8A-1D74-4A03-B294-07FFE53BDAD1}.Release|iPhoneSimulator.Build.0 = Release|Any CPU
		{4344BD8A-1D74-4A03-B294-07FFE53BDAD1}.Release|x64.ActiveCfg = Release|Any CPU
		{4344BD8A-1D74-4A03-B294-07FFE53BDAD1}.Release|x64.Build.0 = Release|Any CPU
		{4344BD8A-1D74-4A03-B294-07FFE53BDAD1}.Release|x86.ActiveCfg = Release|Any CPU
		{4344BD8A-1D74-4A03-B294-07FFE53BDAD1}.Release|x86.Build.0 = Release|Any CPU
		{1D3EBCC3-60E2-4740-9EFF-5049F4F75F2A}.Debug|Any CPU.ActiveCfg = Debug|Any CPU
		{1D3EBCC3-60E2-4740-9EFF-5049F4F75F2A}.Debug|Any CPU.Build.0 = Debug|Any CPU
		{1D3EBCC3-60E2-4740-9EFF-5049F4F75F2A}.Debug|ARM.ActiveCfg = Debug|Any CPU
		{1D3EBCC3-60E2-4740-9EFF-5049F4F75F2A}.Debug|ARM.Build.0 = Debug|Any CPU
		{1D3EBCC3-60E2-4740-9EFF-5049F4F75F2A}.Debug|ARM64.ActiveCfg = Debug|Any CPU
		{1D3EBCC3-60E2-4740-9EFF-5049F4F75F2A}.Debug|ARM64.Build.0 = Debug|Any CPU
		{1D3EBCC3-60E2-4740-9EFF-5049F4F75F2A}.Debug|iPhone.ActiveCfg = Debug|Any CPU
		{1D3EBCC3-60E2-4740-9EFF-5049F4F75F2A}.Debug|iPhone.Build.0 = Debug|Any CPU
		{1D3EBCC3-60E2-4740-9EFF-5049F4F75F2A}.Debug|iPhoneSimulator.ActiveCfg = Debug|Any CPU
		{1D3EBCC3-60E2-4740-9EFF-5049F4F75F2A}.Debug|iPhoneSimulator.Build.0 = Debug|Any CPU
		{1D3EBCC3-60E2-4740-9EFF-5049F4F75F2A}.Debug|x64.ActiveCfg = Debug|Any CPU
		{1D3EBCC3-60E2-4740-9EFF-5049F4F75F2A}.Debug|x64.Build.0 = Debug|Any CPU
		{1D3EBCC3-60E2-4740-9EFF-5049F4F75F2A}.Debug|x86.ActiveCfg = Debug|Any CPU
		{1D3EBCC3-60E2-4740-9EFF-5049F4F75F2A}.Debug|x86.Build.0 = Debug|Any CPU
		{1D3EBCC3-60E2-4740-9EFF-5049F4F75F2A}.Release|Any CPU.ActiveCfg = Release|Any CPU
		{1D3EBCC3-60E2-4740-9EFF-5049F4F75F2A}.Release|Any CPU.Build.0 = Release|Any CPU
		{1D3EBCC3-60E2-4740-9EFF-5049F4F75F2A}.Release|ARM.ActiveCfg = Release|Any CPU
		{1D3EBCC3-60E2-4740-9EFF-5049F4F75F2A}.Release|ARM.Build.0 = Release|Any CPU
		{1D3EBCC3-60E2-4740-9EFF-5049F4F75F2A}.Release|ARM64.ActiveCfg = Release|Any CPU
		{1D3EBCC3-60E2-4740-9EFF-5049F4F75F2A}.Release|ARM64.Build.0 = Release|Any CPU
		{1D3EBCC3-60E2-4740-9EFF-5049F4F75F2A}.Release|iPhone.ActiveCfg = Release|Any CPU
		{1D3EBCC3-60E2-4740-9EFF-5049F4F75F2A}.Release|iPhone.Build.0 = Release|Any CPU
		{1D3EBCC3-60E2-4740-9EFF-5049F4F75F2A}.Release|iPhoneSimulator.ActiveCfg = Release|Any CPU
		{1D3EBCC3-60E2-4740-9EFF-5049F4F75F2A}.Release|iPhoneSimulator.Build.0 = Release|Any CPU
		{1D3EBCC3-60E2-4740-9EFF-5049F4F75F2A}.Release|x64.ActiveCfg = Release|Any CPU
		{1D3EBCC3-60E2-4740-9EFF-5049F4F75F2A}.Release|x64.Build.0 = Release|Any CPU
		{1D3EBCC3-60E2-4740-9EFF-5049F4F75F2A}.Release|x86.ActiveCfg = Release|Any CPU
		{1D3EBCC3-60E2-4740-9EFF-5049F4F75F2A}.Release|x86.Build.0 = Release|Any CPU
		{02CCB9FA-0F8B-41A7-B18D-E33629B00267}.Debug|Any CPU.ActiveCfg = Debug|Any CPU
		{02CCB9FA-0F8B-41A7-B18D-E33629B00267}.Debug|Any CPU.Build.0 = Debug|Any CPU
		{02CCB9FA-0F8B-41A7-B18D-E33629B00267}.Debug|ARM.ActiveCfg = Debug|Any CPU
		{02CCB9FA-0F8B-41A7-B18D-E33629B00267}.Debug|ARM.Build.0 = Debug|Any CPU
		{02CCB9FA-0F8B-41A7-B18D-E33629B00267}.Debug|ARM64.ActiveCfg = Debug|Any CPU
		{02CCB9FA-0F8B-41A7-B18D-E33629B00267}.Debug|ARM64.Build.0 = Debug|Any CPU
		{02CCB9FA-0F8B-41A7-B18D-E33629B00267}.Debug|iPhone.ActiveCfg = Debug|Any CPU
		{02CCB9FA-0F8B-41A7-B18D-E33629B00267}.Debug|iPhone.Build.0 = Debug|Any CPU
		{02CCB9FA-0F8B-41A7-B18D-E33629B00267}.Debug|iPhoneSimulator.ActiveCfg = Debug|Any CPU
		{02CCB9FA-0F8B-41A7-B18D-E33629B00267}.Debug|iPhoneSimulator.Build.0 = Debug|Any CPU
		{02CCB9FA-0F8B-41A7-B18D-E33629B00267}.Debug|x64.ActiveCfg = Debug|Any CPU
		{02CCB9FA-0F8B-41A7-B18D-E33629B00267}.Debug|x64.Build.0 = Debug|Any CPU
		{02CCB9FA-0F8B-41A7-B18D-E33629B00267}.Debug|x86.ActiveCfg = Debug|Any CPU
		{02CCB9FA-0F8B-41A7-B18D-E33629B00267}.Debug|x86.Build.0 = Debug|Any CPU
		{02CCB9FA-0F8B-41A7-B18D-E33629B00267}.Release|Any CPU.ActiveCfg = Release|Any CPU
		{02CCB9FA-0F8B-41A7-B18D-E33629B00267}.Release|Any CPU.Build.0 = Release|Any CPU
		{02CCB9FA-0F8B-41A7-B18D-E33629B00267}.Release|ARM.ActiveCfg = Release|Any CPU
		{02CCB9FA-0F8B-41A7-B18D-E33629B00267}.Release|ARM.Build.0 = Release|Any CPU
		{02CCB9FA-0F8B-41A7-B18D-E33629B00267}.Release|ARM64.ActiveCfg = Release|Any CPU
		{02CCB9FA-0F8B-41A7-B18D-E33629B00267}.Release|ARM64.Build.0 = Release|Any CPU
		{02CCB9FA-0F8B-41A7-B18D-E33629B00267}.Release|iPhone.ActiveCfg = Release|Any CPU
		{02CCB9FA-0F8B-41A7-B18D-E33629B00267}.Release|iPhone.Build.0 = Release|Any CPU
		{02CCB9FA-0F8B-41A7-B18D-E33629B00267}.Release|iPhoneSimulator.ActiveCfg = Release|Any CPU
		{02CCB9FA-0F8B-41A7-B18D-E33629B00267}.Release|iPhoneSimulator.Build.0 = Release|Any CPU
		{02CCB9FA-0F8B-41A7-B18D-E33629B00267}.Release|x64.ActiveCfg = Release|Any CPU
		{02CCB9FA-0F8B-41A7-B18D-E33629B00267}.Release|x64.Build.0 = Release|Any CPU
		{02CCB9FA-0F8B-41A7-B18D-E33629B00267}.Release|x86.ActiveCfg = Release|Any CPU
		{02CCB9FA-0F8B-41A7-B18D-E33629B00267}.Release|x86.Build.0 = Release|Any CPU
		{27C67A68-38BE-4CC4-8CBC-CF4ED0D7210C}.Debug|Any CPU.ActiveCfg = Debug|Any CPU
		{27C67A68-38BE-4CC4-8CBC-CF4ED0D7210C}.Debug|Any CPU.Build.0 = Debug|Any CPU
		{27C67A68-38BE-4CC4-8CBC-CF4ED0D7210C}.Debug|ARM.ActiveCfg = Debug|Any CPU
		{27C67A68-38BE-4CC4-8CBC-CF4ED0D7210C}.Debug|ARM.Build.0 = Debug|Any CPU
		{27C67A68-38BE-4CC4-8CBC-CF4ED0D7210C}.Debug|ARM64.ActiveCfg = Debug|Any CPU
		{27C67A68-38BE-4CC4-8CBC-CF4ED0D7210C}.Debug|ARM64.Build.0 = Debug|Any CPU
		{27C67A68-38BE-4CC4-8CBC-CF4ED0D7210C}.Debug|iPhone.ActiveCfg = Debug|Any CPU
		{27C67A68-38BE-4CC4-8CBC-CF4ED0D7210C}.Debug|iPhone.Build.0 = Debug|Any CPU
		{27C67A68-38BE-4CC4-8CBC-CF4ED0D7210C}.Debug|iPhoneSimulator.ActiveCfg = Debug|Any CPU
		{27C67A68-38BE-4CC4-8CBC-CF4ED0D7210C}.Debug|iPhoneSimulator.Build.0 = Debug|Any CPU
		{27C67A68-38BE-4CC4-8CBC-CF4ED0D7210C}.Debug|x64.ActiveCfg = Debug|Any CPU
		{27C67A68-38BE-4CC4-8CBC-CF4ED0D7210C}.Debug|x64.Build.0 = Debug|Any CPU
		{27C67A68-38BE-4CC4-8CBC-CF4ED0D7210C}.Debug|x86.ActiveCfg = Debug|Any CPU
		{27C67A68-38BE-4CC4-8CBC-CF4ED0D7210C}.Debug|x86.Build.0 = Debug|Any CPU
		{27C67A68-38BE-4CC4-8CBC-CF4ED0D7210C}.Release|Any CPU.ActiveCfg = Release|Any CPU
		{27C67A68-38BE-4CC4-8CBC-CF4ED0D7210C}.Release|Any CPU.Build.0 = Release|Any CPU
		{27C67A68-38BE-4CC4-8CBC-CF4ED0D7210C}.Release|ARM.ActiveCfg = Release|Any CPU
		{27C67A68-38BE-4CC4-8CBC-CF4ED0D7210C}.Release|ARM.Build.0 = Release|Any CPU
		{27C67A68-38BE-4CC4-8CBC-CF4ED0D7210C}.Release|ARM64.ActiveCfg = Release|Any CPU
		{27C67A68-38BE-4CC4-8CBC-CF4ED0D7210C}.Release|ARM64.Build.0 = Release|Any CPU
		{27C67A68-38BE-4CC4-8CBC-CF4ED0D7210C}.Release|iPhone.ActiveCfg = Release|Any CPU
		{27C67A68-38BE-4CC4-8CBC-CF4ED0D7210C}.Release|iPhone.Build.0 = Release|Any CPU
		{27C67A68-38BE-4CC4-8CBC-CF4ED0D7210C}.Release|iPhoneSimulator.ActiveCfg = Release|Any CPU
		{27C67A68-38BE-4CC4-8CBC-CF4ED0D7210C}.Release|iPhoneSimulator.Build.0 = Release|Any CPU
		{27C67A68-38BE-4CC4-8CBC-CF4ED0D7210C}.Release|x64.ActiveCfg = Release|Any CPU
		{27C67A68-38BE-4CC4-8CBC-CF4ED0D7210C}.Release|x64.Build.0 = Release|Any CPU
		{27C67A68-38BE-4CC4-8CBC-CF4ED0D7210C}.Release|x86.ActiveCfg = Release|Any CPU
		{27C67A68-38BE-4CC4-8CBC-CF4ED0D7210C}.Release|x86.Build.0 = Release|Any CPU
		{A3CE9712-0C05-4955-9C88-72F3EA905F95}.Debug|Any CPU.ActiveCfg = Debug|iPhoneSimulator
		{A3CE9712-0C05-4955-9C88-72F3EA905F95}.Debug|Any CPU.Build.0 = Debug|iPhoneSimulator
		{A3CE9712-0C05-4955-9C88-72F3EA905F95}.Debug|ARM.ActiveCfg = Debug|iPhone
		{A3CE9712-0C05-4955-9C88-72F3EA905F95}.Debug|ARM64.ActiveCfg = Debug|iPhone
		{A3CE9712-0C05-4955-9C88-72F3EA905F95}.Debug|iPhone.ActiveCfg = Debug|iPhone
		{A3CE9712-0C05-4955-9C88-72F3EA905F95}.Debug|iPhone.Build.0 = Debug|iPhone
		{A3CE9712-0C05-4955-9C88-72F3EA905F95}.Debug|iPhoneSimulator.ActiveCfg = Debug|iPhoneSimulator
		{A3CE9712-0C05-4955-9C88-72F3EA905F95}.Debug|iPhoneSimulator.Build.0 = Debug|iPhoneSimulator
		{A3CE9712-0C05-4955-9C88-72F3EA905F95}.Debug|x64.ActiveCfg = Debug|iPhone
		{A3CE9712-0C05-4955-9C88-72F3EA905F95}.Debug|x86.ActiveCfg = Debug|iPhone
		{A3CE9712-0C05-4955-9C88-72F3EA905F95}.Release|Any CPU.ActiveCfg = Release|iPhone
		{A3CE9712-0C05-4955-9C88-72F3EA905F95}.Release|Any CPU.Build.0 = Release|iPhone
		{A3CE9712-0C05-4955-9C88-72F3EA905F95}.Release|ARM.ActiveCfg = Release|iPhoneSimulator
		{A3CE9712-0C05-4955-9C88-72F3EA905F95}.Release|ARM64.ActiveCfg = Release|iPhoneSimulator
		{A3CE9712-0C05-4955-9C88-72F3EA905F95}.Release|iPhone.ActiveCfg = Release|iPhone
		{A3CE9712-0C05-4955-9C88-72F3EA905F95}.Release|iPhone.Build.0 = Release|iPhone
		{A3CE9712-0C05-4955-9C88-72F3EA905F95}.Release|iPhoneSimulator.ActiveCfg = Release|iPhoneSimulator
		{A3CE9712-0C05-4955-9C88-72F3EA905F95}.Release|iPhoneSimulator.Build.0 = Release|iPhoneSimulator
		{A3CE9712-0C05-4955-9C88-72F3EA905F95}.Release|x64.ActiveCfg = Release|iPhoneSimulator
		{A3CE9712-0C05-4955-9C88-72F3EA905F95}.Release|x86.ActiveCfg = Release|iPhoneSimulator
		{D22BC582-B289-4541-9C0E-530642FE1883}.Debug|Any CPU.ActiveCfg = Debug|Any CPU
		{D22BC582-B289-4541-9C0E-530642FE1883}.Debug|Any CPU.Build.0 = Debug|Any CPU
		{D22BC582-B289-4541-9C0E-530642FE1883}.Debug|ARM.ActiveCfg = Debug|Any CPU
		{D22BC582-B289-4541-9C0E-530642FE1883}.Debug|ARM.Build.0 = Debug|Any CPU
		{D22BC582-B289-4541-9C0E-530642FE1883}.Debug|ARM.Deploy.0 = Debug|Any CPU
		{D22BC582-B289-4541-9C0E-530642FE1883}.Debug|ARM64.ActiveCfg = Debug|Any CPU
		{D22BC582-B289-4541-9C0E-530642FE1883}.Debug|ARM64.Build.0 = Debug|Any CPU
		{D22BC582-B289-4541-9C0E-530642FE1883}.Debug|ARM64.Deploy.0 = Debug|Any CPU
		{D22BC582-B289-4541-9C0E-530642FE1883}.Debug|iPhone.ActiveCfg = Debug|Any CPU
		{D22BC582-B289-4541-9C0E-530642FE1883}.Debug|iPhone.Build.0 = Debug|Any CPU
		{D22BC582-B289-4541-9C0E-530642FE1883}.Debug|iPhoneSimulator.ActiveCfg = Debug|Any CPU
		{D22BC582-B289-4541-9C0E-530642FE1883}.Debug|iPhoneSimulator.Build.0 = Debug|Any CPU
		{D22BC582-B289-4541-9C0E-530642FE1883}.Debug|x64.ActiveCfg = Debug|Any CPU
		{D22BC582-B289-4541-9C0E-530642FE1883}.Debug|x64.Build.0 = Debug|Any CPU
		{D22BC582-B289-4541-9C0E-530642FE1883}.Debug|x64.Deploy.0 = Debug|Any CPU
		{D22BC582-B289-4541-9C0E-530642FE1883}.Debug|x86.ActiveCfg = Debug|Any CPU
		{D22BC582-B289-4541-9C0E-530642FE1883}.Debug|x86.Build.0 = Debug|Any CPU
		{D22BC582-B289-4541-9C0E-530642FE1883}.Debug|x86.Deploy.0 = Debug|Any CPU
		{D22BC582-B289-4541-9C0E-530642FE1883}.Release|Any CPU.ActiveCfg = Release|Any CPU
		{D22BC582-B289-4541-9C0E-530642FE1883}.Release|Any CPU.Build.0 = Release|Any CPU
		{D22BC582-B289-4541-9C0E-530642FE1883}.Release|ARM.ActiveCfg = Release|Any CPU
		{D22BC582-B289-4541-9C0E-530642FE1883}.Release|ARM.Build.0 = Release|Any CPU
		{D22BC582-B289-4541-9C0E-530642FE1883}.Release|ARM.Deploy.0 = Release|Any CPU
		{D22BC582-B289-4541-9C0E-530642FE1883}.Release|ARM64.ActiveCfg = Release|Any CPU
		{D22BC582-B289-4541-9C0E-530642FE1883}.Release|ARM64.Build.0 = Release|Any CPU
		{D22BC582-B289-4541-9C0E-530642FE1883}.Release|ARM64.Deploy.0 = Release|Any CPU
		{D22BC582-B289-4541-9C0E-530642FE1883}.Release|iPhone.ActiveCfg = Release|Any CPU
		{D22BC582-B289-4541-9C0E-530642FE1883}.Release|iPhone.Build.0 = Release|Any CPU
		{D22BC582-B289-4541-9C0E-530642FE1883}.Release|iPhoneSimulator.ActiveCfg = Release|Any CPU
		{D22BC582-B289-4541-9C0E-530642FE1883}.Release|iPhoneSimulator.Build.0 = Release|Any CPU
		{D22BC582-B289-4541-9C0E-530642FE1883}.Release|x64.ActiveCfg = Release|Any CPU
		{D22BC582-B289-4541-9C0E-530642FE1883}.Release|x64.Build.0 = Release|Any CPU
		{D22BC582-B289-4541-9C0E-530642FE1883}.Release|x64.Deploy.0 = Release|Any CPU
		{D22BC582-B289-4541-9C0E-530642FE1883}.Release|x86.ActiveCfg = Release|Any CPU
		{D22BC582-B289-4541-9C0E-530642FE1883}.Release|x86.Build.0 = Release|Any CPU
		{D22BC582-B289-4541-9C0E-530642FE1883}.Release|x86.Deploy.0 = Release|Any CPU
		{22ABF70F-75AA-474E-9A26-94D37203E04D}.Debug|Any CPU.ActiveCfg = Debug|Any CPU
		{22ABF70F-75AA-474E-9A26-94D37203E04D}.Debug|Any CPU.Build.0 = Debug|Any CPU
		{22ABF70F-75AA-474E-9A26-94D37203E04D}.Debug|ARM.ActiveCfg = Debug|ARM
		{22ABF70F-75AA-474E-9A26-94D37203E04D}.Debug|ARM.Build.0 = Debug|ARM
		{22ABF70F-75AA-474E-9A26-94D37203E04D}.Debug|ARM64.ActiveCfg = Debug|ARM64
		{22ABF70F-75AA-474E-9A26-94D37203E04D}.Debug|ARM64.Build.0 = Debug|ARM64
		{22ABF70F-75AA-474E-9A26-94D37203E04D}.Debug|iPhone.ActiveCfg = Debug|Any CPU
		{22ABF70F-75AA-474E-9A26-94D37203E04D}.Debug|iPhone.Build.0 = Debug|Any CPU
		{22ABF70F-75AA-474E-9A26-94D37203E04D}.Debug|iPhoneSimulator.ActiveCfg = Debug|Any CPU
		{22ABF70F-75AA-474E-9A26-94D37203E04D}.Debug|iPhoneSimulator.Build.0 = Debug|Any CPU
		{22ABF70F-75AA-474E-9A26-94D37203E04D}.Debug|x64.ActiveCfg = Debug|x64
		{22ABF70F-75AA-474E-9A26-94D37203E04D}.Debug|x64.Build.0 = Debug|x64
		{22ABF70F-75AA-474E-9A26-94D37203E04D}.Debug|x86.ActiveCfg = Debug|x86
		{22ABF70F-75AA-474E-9A26-94D37203E04D}.Debug|x86.Build.0 = Debug|x86
		{22ABF70F-75AA-474E-9A26-94D37203E04D}.Release|Any CPU.ActiveCfg = Release|Any CPU
		{22ABF70F-75AA-474E-9A26-94D37203E04D}.Release|Any CPU.Build.0 = Release|Any CPU
		{22ABF70F-75AA-474E-9A26-94D37203E04D}.Release|ARM.ActiveCfg = Release|ARM
		{22ABF70F-75AA-474E-9A26-94D37203E04D}.Release|ARM.Build.0 = Release|ARM
		{22ABF70F-75AA-474E-9A26-94D37203E04D}.Release|ARM64.ActiveCfg = Release|ARM64
		{22ABF70F-75AA-474E-9A26-94D37203E04D}.Release|ARM64.Build.0 = Release|ARM64
		{22ABF70F-75AA-474E-9A26-94D37203E04D}.Release|iPhone.ActiveCfg = Release|Any CPU
		{22ABF70F-75AA-474E-9A26-94D37203E04D}.Release|iPhone.Build.0 = Release|Any CPU
		{22ABF70F-75AA-474E-9A26-94D37203E04D}.Release|iPhoneSimulator.ActiveCfg = Release|Any CPU
		{22ABF70F-75AA-474E-9A26-94D37203E04D}.Release|iPhoneSimulator.Build.0 = Release|Any CPU
		{22ABF70F-75AA-474E-9A26-94D37203E04D}.Release|x64.ActiveCfg = Release|x64
		{22ABF70F-75AA-474E-9A26-94D37203E04D}.Release|x64.Build.0 = Release|x64
		{22ABF70F-75AA-474E-9A26-94D37203E04D}.Release|x86.ActiveCfg = Release|x86
		{22ABF70F-75AA-474E-9A26-94D37203E04D}.Release|x86.Build.0 = Release|x86
		{8CA8F560-6E03-4ECB-BB6B-3A410CF0B852}.Debug|Any CPU.ActiveCfg = Debug|x86
		{8CA8F560-6E03-4ECB-BB6B-3A410CF0B852}.Debug|ARM.ActiveCfg = Debug|ARM
		{8CA8F560-6E03-4ECB-BB6B-3A410CF0B852}.Debug|ARM.Build.0 = Debug|ARM
		{8CA8F560-6E03-4ECB-BB6B-3A410CF0B852}.Debug|ARM.Deploy.0 = Debug|ARM
		{8CA8F560-6E03-4ECB-BB6B-3A410CF0B852}.Debug|ARM64.ActiveCfg = Debug|ARM64
		{8CA8F560-6E03-4ECB-BB6B-3A410CF0B852}.Debug|ARM64.Build.0 = Debug|ARM64
		{8CA8F560-6E03-4ECB-BB6B-3A410CF0B852}.Debug|ARM64.Deploy.0 = Debug|ARM64
		{8CA8F560-6E03-4ECB-BB6B-3A410CF0B852}.Debug|iPhone.ActiveCfg = Debug|x86
		{8CA8F560-6E03-4ECB-BB6B-3A410CF0B852}.Debug|iPhoneSimulator.ActiveCfg = Debug|x86
		{8CA8F560-6E03-4ECB-BB6B-3A410CF0B852}.Debug|x64.ActiveCfg = Debug|x64
		{8CA8F560-6E03-4ECB-BB6B-3A410CF0B852}.Debug|x64.Build.0 = Debug|x64
		{8CA8F560-6E03-4ECB-BB6B-3A410CF0B852}.Debug|x64.Deploy.0 = Debug|x64
		{8CA8F560-6E03-4ECB-BB6B-3A410CF0B852}.Debug|x86.ActiveCfg = Debug|x86
		{8CA8F560-6E03-4ECB-BB6B-3A410CF0B852}.Debug|x86.Build.0 = Debug|x86
		{8CA8F560-6E03-4ECB-BB6B-3A410CF0B852}.Debug|x86.Deploy.0 = Debug|x86
		{8CA8F560-6E03-4ECB-BB6B-3A410CF0B852}.Release|Any CPU.ActiveCfg = Release|x86
		{8CA8F560-6E03-4ECB-BB6B-3A410CF0B852}.Release|ARM.ActiveCfg = Release|ARM
		{8CA8F560-6E03-4ECB-BB6B-3A410CF0B852}.Release|ARM.Build.0 = Release|ARM
		{8CA8F560-6E03-4ECB-BB6B-3A410CF0B852}.Release|ARM.Deploy.0 = Release|ARM
		{8CA8F560-6E03-4ECB-BB6B-3A410CF0B852}.Release|ARM64.ActiveCfg = Release|ARM64
		{8CA8F560-6E03-4ECB-BB6B-3A410CF0B852}.Release|ARM64.Build.0 = Release|ARM64
		{8CA8F560-6E03-4ECB-BB6B-3A410CF0B852}.Release|ARM64.Deploy.0 = Release|ARM64
		{8CA8F560-6E03-4ECB-BB6B-3A410CF0B852}.Release|iPhone.ActiveCfg = Release|x86
		{8CA8F560-6E03-4ECB-BB6B-3A410CF0B852}.Release|iPhoneSimulator.ActiveCfg = Release|x86
		{8CA8F560-6E03-4ECB-BB6B-3A410CF0B852}.Release|x64.ActiveCfg = Release|x64
		{8CA8F560-6E03-4ECB-BB6B-3A410CF0B852}.Release|x64.Build.0 = Release|x64
		{8CA8F560-6E03-4ECB-BB6B-3A410CF0B852}.Release|x64.Deploy.0 = Release|x64
		{8CA8F560-6E03-4ECB-BB6B-3A410CF0B852}.Release|x86.ActiveCfg = Release|x86
		{8CA8F560-6E03-4ECB-BB6B-3A410CF0B852}.Release|x86.Build.0 = Release|x86
		{8CA8F560-6E03-4ECB-BB6B-3A410CF0B852}.Release|x86.Deploy.0 = Release|x86
	EndGlobalSection
	GlobalSection(SolutionProperties) = preSolution
		HideSolutionNode = FALSE
	EndGlobalSection
	GlobalSection(ExtensibilityGlobals) = postSolution
		SolutionGuid = {5282AA1D-6673-4745-A7D7-345B3BF994D9}
	EndGlobalSection
EndGlobal
